
Microsoft Visual Studio Solution File, Format Version 12.00
# Visual Studio Version 16
VisualStudioVersion = 16.0.29806.167
MinimumVisualStudioVersion = 10.0.40219.1
Project("{FAE04EC0-301F-11D3-BF4B-00C04F79EFBC}") = "Triangulo Pascal", "Triangulo Pascal\Triangulo Pascal.csproj", "{AF8B0301-1102-4904-A592-525F18F5F4A4}"
EndProject
Global
	GlobalSection(SolutionConfigurationPlatforms) = preSolution
		Debug|Any CPU = Debug|Any CPU
		Release|Any CPU = Release|Any CPU
	EndGlobalSection
	GlobalSection(ProjectConfigurationPlatforms) = postSolution
		{AF8B0301-1102-4904-A592-525F18F5F4A4}.Debug|Any CPU.ActiveCfg = Debug|Any CPU
		{AF8B0301-1102-4904-A592-525F18F5F4A4}.Debug|Any CPU.Build.0 = Debug|Any CPU
		{AF8B0301-1102-4904-A592-525F18F5F4A4}.Release|Any CPU.ActiveCfg = Release|Any CPU
		{AF8B0301-1102-4904-A592-525F18F5F4A4}.Release|Any CPU.Build.0 = Release|Any CPU
	EndGlobalSection
	GlobalSection(SolutionProperties) = preSolution
		HideSolutionNode = FALSE
	EndGlobalSection
	GlobalSection(ExtensibilityGlobals) = postSolution
		SolutionGuid = {34825E4F-9520-437F-A68A-476D5AB3F089}
	EndGlobalSection
EndGlobal
